github.com/golang/protobuf v1.1.0 h1:0iH4Ffd/meGoXqF2lSAhZHt8X+cPgkfn/cb6Cce5Vpc=
github.com/golang/protobuf v1.1.0/go.mod h1:6lQm79b+lXiMfvg/cZm0SGofjICqVBUtrP5yJMmIC1U=
github.com/gorilla/websocket v1.2.0 h1:VJtLvh6VQym50czpZzx07z/kw9EgAxI3x1ZB8taTMQQ=
github.com/gorilla/websocket v1.2.0/go.mod h1:E7qHFY5m1UJ88s3WnNqhKjPHQ0heANvMoAMk2YaljkQ=
github.com/wpajqz/go-sdk v0.0.0-20180814114542-1df618feeb00 h1:fEMvpyrqq4qjUEP9ytP0qte0MpG4kg1qUbh2eAnuzpM=
github.com/wpajqz/go-sdk v0.0.0-20180814114542-1df618feeb00/go.mod h1:HOlpjlJXjIItURpJOc58P2skZsJ+L5s460lnwKEXqEQ=
github.com/wpajqz/go-sdk v0.0.0-20180819022515-c5611acbd333 h1:uIekph2ww/ZvE3w3kC36LdwIjfGj3enaf1SNWEh04oQ=
github.com/wpajqz/go-sdk v0.0.0-20180819022515-c5611acbd333/go.mod h1:8Z5OwaDGrREAqXYMHp9WVhDIkZdeJFfNbUyjYQGRg8U=
github.com/wpajqz/linker v0.0.0-20180814114212-2afab54737c2/go.mod h1:1LpNSex7lqvQi8t5uj9LBLKsvxfm3HK2j6o5Ht3BGmQ=
github.com/wpajqz/linker v0.0.0-20180818151004-5d64412a1130/go.mod h1:1LpNSex7lqvQi8t5uj9LBLKsvxfm3HK2j6o5Ht3BGmQ=
